version: 6
environments:
  default:
    channels:
    - url: https://conda.anaconda.org/conda-forge/
    packages:
      osx-arm64:
      - conda: https://conda.anaconda.org/conda-forge/noarch/aiohappyeyeballs-2.6.1-pyhd8ed1ab_0.conda
      - conda: https://conda.anaconda.org/conda-forge/osx-arm64/aiohttp-3.11.13-py312h998013c_0.conda
      - conda: https://conda.anaconda.org/conda-forge/noarch/aiohttp-jinja2-1.6-pyhd8ed1ab_2.conda
      - conda: https://conda.anaconda.org/conda-forge/noarch/aiosignal-1.3.2-pyhd8ed1ab_0.conda
      - conda: https://conda.anaconda.org/conda-forge/noarch/attrs-25.3.0-pyh71513ae_0.conda
      - conda: https://conda.anaconda.org/conda-forge/osx-arm64/bzip2-1.0.8-h99b78c6_7.conda
      - conda: https://conda.anaconda.org/conda-forge/osx-arm64/ca-certificates-2025.1.31-hf0a4a13_0.conda
      - conda: https://conda.anaconda.org/conda-forge/noarch/click-8.1.8-pyh707e725_0.conda
      - conda: https://conda.anaconda.org/conda-forge/noarch/colorama-0.4.6-pyhd8ed1ab_1.conda
      - conda: https://conda.anaconda.org/conda-forge/noarch/exceptiongroup-1.2.2-pyhd8ed1ab_1.conda
      - conda: https://conda.anaconda.org/conda-forge/osx-arm64/frozenlist-1.5.0-py312h998013c_1.conda
      - conda: https://conda.anaconda.org/conda-forge/noarch/idna-3.10-pyhd8ed1ab_1.conda
      - conda: https://conda.anaconda.org/conda-forge/noarch/iniconfig-2.0.0-pyhd8ed1ab_1.conda
      - conda: https://conda.anaconda.org/conda-forge/noarch/jinja2-3.1.6-pyhd8ed1ab_0.conda
      - conda: https://conda.anaconda.org/conda-forge/osx-arm64/libblas-3.9.0-31_h10e41b3_openblas.conda
      - conda: https://conda.anaconda.org/conda-forge/osx-arm64/libcblas-3.9.0-31_hb3479ef_openblas.conda
      - conda: https://conda.anaconda.org/conda-forge/osx-arm64/libcxx-19.1.7-ha82da77_0.conda
      - conda: https://conda.anaconda.org/conda-forge/osx-arm64/libexpat-2.6.4-h286801f_0.conda
      - conda: https://conda.anaconda.org/conda-forge/osx-arm64/libffi-3.4.2-h3422bc3_5.tar.bz2
      - conda: https://conda.anaconda.org/conda-forge/osx-arm64/libgfortran-5.0.0-13_2_0_hd922786_3.conda
      - conda: https://conda.anaconda.org/conda-forge/osx-arm64/libgfortran5-13.2.0-hf226fd6_3.conda
      - conda: https://conda.anaconda.org/conda-forge/osx-arm64/liblapack-3.9.0-31_hc9a63f6_openblas.conda
      - conda: https://conda.anaconda.org/conda-forge/osx-arm64/liblzma-5.6.4-h39f12f2_0.conda
      - conda: https://conda.anaconda.org/conda-forge/osx-arm64/libopenblas-0.3.29-openmp_hf332438_0.conda
      - conda: https://conda.anaconda.org/conda-forge/osx-arm64/libsqlite-3.49.1-h3f77e49_1.conda
      - conda: https://conda.anaconda.org/conda-forge/osx-arm64/libzlib-1.3.1-h8359307_2.conda
      - conda: https://conda.anaconda.org/conda-forge/noarch/linkify-it-py-2.0.3-pyhd8ed1ab_1.conda
      - conda: https://conda.anaconda.org/conda-forge/osx-arm64/llvm-openmp-19.1.7-hdb05f8b_0.conda
      - conda: https://conda.anaconda.org/conda-forge/noarch/markdown-it-py-3.0.0-pyhd8ed1ab_1.conda
      - conda: https://conda.anaconda.org/conda-forge/osx-arm64/markupsafe-3.0.2-py312h998013c_1.conda
      - conda: https://conda.anaconda.org/conda-forge/noarch/mdit-py-plugins-0.4.2-pyhd8ed1ab_1.conda
      - conda: https://conda.anaconda.org/conda-forge/noarch/mdurl-0.1.2-pyhd8ed1ab_1.conda
      - conda: https://conda.anaconda.org/conda-forge/osx-arm64/msgpack-python-1.1.0-py312h6142ec9_0.conda
      - conda: https://conda.anaconda.org/conda-forge/osx-arm64/multidict-6.1.0-py312hdb8e49c_1.conda
      - conda: https://conda.anaconda.org/conda-forge/osx-arm64/ncurses-6.5-h5e97a16_3.conda
      - conda: https://conda.anaconda.org/conda-forge/osx-arm64/numpy-2.2.3-py312h7c1f314_0.conda
      - conda: https://conda.anaconda.org/conda-forge/osx-arm64/openssl-3.4.1-h81ee809_0.conda
      - conda: https://conda.anaconda.org/conda-forge/noarch/packaging-24.2-pyhd8ed1ab_2.conda
      - conda: https://conda.anaconda.org/conda-forge/noarch/platformdirs-4.3.6-pyhd8ed1ab_1.conda
      - conda: https://conda.anaconda.org/conda-forge/noarch/plotext-5.3.2-pyhff2d567_0.conda
      - conda: https://conda.anaconda.org/conda-forge/noarch/pluggy-1.5.0-pyhd8ed1ab_1.conda
      - conda: https://conda.anaconda.org/conda-forge/osx-arm64/polars-1.24.0-py312hc3c60d3_0.conda
      - conda: https://conda.anaconda.org/conda-forge/noarch/prompt-toolkit-3.0.50-pyha770c72_0.conda
      - conda: https://conda.anaconda.org/conda-forge/noarch/prompt_toolkit-3.0.50-hd8ed1ab_0.conda
      - conda: https://conda.anaconda.org/conda-forge/osx-arm64/propcache-0.2.1-py312h998013c_1.conda
      - conda: https://conda.anaconda.org/conda-forge/noarch/pygments-2.19.1-pyhd8ed1ab_0.conda
      - conda: https://conda.anaconda.org/conda-forge/noarch/pytest-8.3.5-pyhd8ed1ab_0.conda
      - conda: https://conda.anaconda.org/conda-forge/osx-arm64/python-3.12.9-hc22306f_1_cpython.conda
      - conda: https://conda.anaconda.org/conda-forge/osx-arm64/python_abi-3.12-5_cp312.conda
      - conda: https://conda.anaconda.org/conda-forge/osx-arm64/readline-8.2-h1d1bf99_2.conda
      - conda: https://conda.anaconda.org/conda-forge/noarch/rich-13.9.4-pyhd8ed1ab_1.conda
      - conda: https://conda.anaconda.org/conda-forge/noarch/shellingham-1.5.4-pyhd8ed1ab_1.conda
      - conda: https://conda.anaconda.org/conda-forge/noarch/textual-2.1.2-pyhd8ed1ab_0.conda
      - conda: https://conda.anaconda.org/conda-forge/noarch/textual-dev-1.7.0-pyhd8ed1ab_1.conda
      - conda: https://conda.anaconda.org/conda-forge/noarch/textual-serve-1.1.1-pyhd8ed1ab_1.conda
      - conda: https://conda.anaconda.org/conda-forge/osx-arm64/tk-8.6.13-h5083fa2_1.conda
      - conda: https://conda.anaconda.org/conda-forge/noarch/tomli-2.2.1-pyhd8ed1ab_1.conda
      - conda: https://conda.anaconda.org/conda-forge/noarch/typer-0.15.2-pyhff008b6_0.conda
      - conda: https://conda.anaconda.org/conda-forge/noarch/typer-slim-0.15.2-pyh29332c3_0.conda
      - conda: https://conda.anaconda.org/conda-forge/noarch/typer-slim-standard-0.15.2-h801b22e_0.conda
      - conda: https://conda.anaconda.org/conda-forge/noarch/typing-extensions-4.12.2-hd8ed1ab_1.conda
      - conda: https://conda.anaconda.org/conda-forge/noarch/typing_extensions-4.12.2-pyha770c72_1.conda
      - conda: https://conda.anaconda.org/conda-forge/noarch/tzdata-2025a-h78e105d_0.conda
      - conda: https://conda.anaconda.org/conda-forge/noarch/uc-micro-py-1.0.3-pyhd8ed1ab_1.conda
      - conda: https://conda.anaconda.org/conda-forge/noarch/wcwidth-0.2.13-pyhd8ed1ab_1.conda
      - conda: https://conda.anaconda.org/conda-forge/osx-arm64/yarl-1.18.3-py312h998013c_1.conda
packages:
- conda: https://conda.anaconda.org/conda-forge/noarch/aiohappyeyeballs-2.6.1-pyhd8ed1ab_0.conda
  sha256: 7842ddc678e77868ba7b92a726b437575b23aaec293bca0d40826f1026d90e27
  md5: 18fd895e0e775622906cdabfc3cf0fb4
  depends:
  - python >=3.9
  license: PSF-2.0
  license_family: PSF
  size: 19750
  timestamp: 1741775303303
- conda: https://conda.anaconda.org/conda-forge/osx-arm64/aiohttp-3.11.13-py312h998013c_0.conda
  sha256: 84f8c35912bce8c9ee979454a685ec0497fbccd7da86351e8d774ae3e7456055
  md5: d575ea7d96ce2c9fed370d85d3ef464e
  depends:
  - __osx >=11.0
  - aiohappyeyeballs >=2.3.0
  - aiosignal >=1.1.2
  - attrs >=17.3.0
  - frozenlist >=1.1.1
  - multidict >=4.5,<7.0
  - propcache >=0.2.0
  - python >=3.12,<3.13.0a0
  - python >=3.12,<3.13.0a0 *_cpython
  - python_abi 3.12.* *_cp312
  - yarl >=1.17.0,<2.0
  license: MIT AND Apache-2.0
  license_family: Apache
  size: 885919
  timestamp: 1740482022806
- conda: https://conda.anaconda.org/conda-forge/noarch/aiohttp-jinja2-1.6-pyhd8ed1ab_2.conda
  sha256: c757ab1acfdc592993c949cf5672dae90afe68329ceaa8f43a95a281c6dd1b0e
  md5: 611fc1d0d8a4d1b5e1a0d595424a21f3
  depends:
  - aiohttp >=3.9.0
  - jinja2 >=3.0.0
  - python >=3.9
  license: Apache-2.0
  license_family: APACHE
  size: 16995
  timestamp: 1735072207760
- conda: https://conda.anaconda.org/conda-forge/noarch/aiosignal-1.3.2-pyhd8ed1ab_0.conda
  sha256: 7de8ced1918bbdadecf8e1c1c68237fe5709c097bd9e0d254f4cad118f4345d0
  md5: 1a3981115a398535dbe3f6d5faae3d36
  depends:
  - frozenlist >=1.1.0
  - python >=3.9
  license: Apache-2.0
  license_family: APACHE
  size: 13229
  timestamp: 1734342253061
- conda: https://conda.anaconda.org/conda-forge/noarch/attrs-25.3.0-pyh71513ae_0.conda
  sha256: 99c53ffbcb5dc58084faf18587b215f9ac8ced36bbfb55fa807c00967e419019
  md5: a10d11958cadc13fdb43df75f8b1903f
  depends:
  - python >=3.9
  license: MIT
  license_family: MIT
  size: 57181
  timestamp: 1741918625732
- conda: https://conda.anaconda.org/conda-forge/osx-arm64/bzip2-1.0.8-h99b78c6_7.conda
  sha256: adfa71f158cbd872a36394c56c3568e6034aa55c623634b37a4836bd036e6b91
  md5: fc6948412dbbbe9a4c9ddbbcfe0a79ab
  depends:
  - __osx >=11.0
  license: bzip2-1.0.6
  license_family: BSD
  size: 122909
  timestamp: 1720974522888
- conda: https://conda.anaconda.org/conda-forge/osx-arm64/ca-certificates-2025.1.31-hf0a4a13_0.conda
  sha256: 7e12816618173fe70f5c638b72adf4bfd4ddabf27794369bb17871c5bb75b9f9
  md5: 3569d6a9141adc64d2fe4797f3289e06
  license: ISC
  size: 158425
  timestamp: 1738298167688
- conda: https://conda.anaconda.org/conda-forge/noarch/click-8.1.8-pyh707e725_0.conda
  sha256: c920d23cd1fcf565031c679adb62d848af60d6fbb0edc2d50ba475cea4f0d8ab
  md5: f22f4d4970e09d68a10b922cbb0408d3
  depends:
  - __unix
  - python >=3.9
  license: BSD-3-Clause
  license_family: BSD
  size: 84705
  timestamp: 1734858922844
- conda: https://conda.anaconda.org/conda-forge/noarch/colorama-0.4.6-pyhd8ed1ab_1.conda
  sha256: ab29d57dc70786c1269633ba3dff20288b81664d3ff8d21af995742e2bb03287
  md5: 962b9857ee8e7018c22f2776ffa0b2d7
  depends:
  - python >=3.9
  license: BSD-3-Clause
  license_family: BSD
  size: 27011
  timestamp: 1733218222191
- conda: https://conda.anaconda.org/conda-forge/noarch/exceptiongroup-1.2.2-pyhd8ed1ab_1.conda
  sha256: cbde2c64ec317118fc06b223c5fd87c8a680255e7348dd60e7b292d2e103e701
  md5: a16662747cdeb9abbac74d0057cc976e
  depends:
  - python >=3.9
  license: MIT and PSF-2.0
  size: 20486
  timestamp: 1733208916977
- conda: https://conda.anaconda.org/conda-forge/osx-arm64/frozenlist-1.5.0-py312h998013c_1.conda
  sha256: d503ac8c050abdbd129253973f23be34944978d510de78ef5a3e6aa1e3d9552d
  md5: 5eb3715c7e3fa9b533361375bfefe6ee
  depends:
  - __osx >=11.0
  - python >=3.12,<3.13.0a0
  - python >=3.12,<3.13.0a0 *_cpython
  - python_abi 3.12.* *_cp312
  license: Apache-2.0
  license_family: APACHE
  size: 57256
  timestamp: 1737645503377
- conda: https://conda.anaconda.org/conda-forge/noarch/idna-3.10-pyhd8ed1ab_1.conda
  sha256: d7a472c9fd479e2e8dcb83fb8d433fce971ea369d704ece380e876f9c3494e87
  md5: 39a4f67be3286c86d696df570b1201b7
  depends:
  - python >=3.9
  license: BSD-3-Clause
  license_family: BSD
  size: 49765
  timestamp: 1733211921194
- conda: https://conda.anaconda.org/conda-forge/noarch/iniconfig-2.0.0-pyhd8ed1ab_1.conda
  sha256: 0ec8f4d02053cd03b0f3e63168316530949484f80e16f5e2fb199a1d117a89ca
  md5: 6837f3eff7dcea42ecd714ce1ac2b108
  depends:
  - python >=3.9
  license: MIT
  license_family: MIT
  size: 11474
  timestamp: 1733223232820
- conda: https://conda.anaconda.org/conda-forge/noarch/jinja2-3.1.6-pyhd8ed1ab_0.conda
  sha256: f1ac18b11637ddadc05642e8185a851c7fab5998c6f5470d716812fae943b2af
  md5: 446bd6c8cb26050d528881df495ce646
  depends:
  - markupsafe >=2.0
  - python >=3.9
  license: BSD-3-Clause
  license_family: BSD
  size: 112714
  timestamp: 1741263433881
- conda: https://conda.anaconda.org/conda-forge/osx-arm64/libblas-3.9.0-31_h10e41b3_openblas.conda
  build_number: 31
  sha256: 369586e7688b59b4f92c709b99d847d66d4d095425db327dd32ee5e6ab74697f
  md5: 39b053da5e7035c6592102280aa7612a
  depends:
  - libopenblas >=0.3.29,<0.3.30.0a0
  - libopenblas >=0.3.29,<1.0a0
  constrains:
  - liblapacke =3.9.0=31*_openblas
  - libcblas =3.9.0=31*_openblas
  - blas =2.131=openblas
  - mkl <2025
  - liblapack =3.9.0=31*_openblas
  license: BSD-3-Clause
  license_family: BSD
  size: 17123
  timestamp: 1740088119350
- conda: https://conda.anaconda.org/conda-forge/osx-arm64/libcblas-3.9.0-31_hb3479ef_openblas.conda
  build_number: 31
  sha256: f237486cc9118d09d0f3ff8820280de34365f98ee7b7dc5ab923b04c7cbf25a5
  md5: 7353c2bf0e90834cb70545671996d871
  depends:
  - libblas 3.9.0 31_h10e41b3_openblas
  constrains:
  - liblapacke =3.9.0=31*_openblas
  - blas =2.131=openblas
  - liblapack =3.9.0=31*_openblas
  license: BSD-3-Clause
  license_family: BSD
  size: 17032
  timestamp: 1740088127097
- conda: https://conda.anaconda.org/conda-forge/osx-arm64/libcxx-19.1.7-ha82da77_0.conda
  sha256: 776092346da87a2a23502e14d91eb0c32699c4a1522b7331537bd1c3751dcff5
  md5: 5b3e1610ff8bd5443476b91d618f5b77
  depends:
  - __osx >=11.0
  license: Apache-2.0 WITH LLVM-exception
  license_family: Apache
  size: 523505
  timestamp: 1736877862502
- conda: https://conda.anaconda.org/conda-forge/osx-arm64/libexpat-2.6.4-h286801f_0.conda
  sha256: e42ab5ace927ee7c84e3f0f7d813671e1cf3529f5f06ee5899606630498c2745
  md5: 38d2656dd914feb0cab8c629370768bf
  depends:
  - __osx >=11.0
  constrains:
  - expat 2.6.4.*
  license: MIT
  license_family: MIT
  size: 64693
  timestamp: 1730967175868
- conda: https://conda.anaconda.org/conda-forge/osx-arm64/libffi-3.4.2-h3422bc3_5.tar.bz2
  sha256: 41b3d13efb775e340e4dba549ab5c029611ea6918703096b2eaa9c015c0750ca
  md5: 086914b672be056eb70fd4285b6783b6
  license: MIT
  license_family: MIT
  size: 39020
  timestamp: 1636488587153
- conda: https://conda.anaconda.org/conda-forge/osx-arm64/libgfortran-5.0.0-13_2_0_hd922786_3.conda
  sha256: 44e541b4821c96b28b27fef5630883a60ce4fee91fd9c79f25a199f8f73f337b
  md5: 4a55d9e169114b2b90d3ec4604cd7bbf
  depends:
  - libgfortran5 13.2.0 hf226fd6_3
  license: GPL-3.0-only WITH GCC-exception-3.1
  license_family: GPL
  size: 110233
  timestamp: 1707330749033
- conda: https://conda.anaconda.org/conda-forge/osx-arm64/libgfortran5-13.2.0-hf226fd6_3.conda
  sha256: bafc679eedb468a86aa4636061c55966186399ee0a04b605920d208d97ac579a
  md5: 66ac81d54e95c534ae488726c1f698ea
  depends:
  - llvm-openmp >=8.0.0
  constrains:
  - libgfortran 5.0.0 13_2_0_*_3
  license: GPL-3.0-only WITH GCC-exception-3.1
  license_family: GPL
  size: 997381
  timestamp: 1707330687590
- conda: https://conda.anaconda.org/conda-forge/osx-arm64/liblapack-3.9.0-31_hc9a63f6_openblas.conda
  build_number: 31
  sha256: fe55b9aaf82c6c0192c3d1fcc9b8e884f97492dda9a8de5dae29334b3135fab5
  md5: ff57a55a2cbce171ef5707fb463caf19
  depends:
  - libblas 3.9.0 31_h10e41b3_openblas
  constrains:
  - liblapacke =3.9.0=31*_openblas
  - libcblas =3.9.0=31*_openblas
  - blas =2.131=openblas
  license: BSD-3-Clause
  license_family: BSD
  size: 17033
  timestamp: 1740088134988
- conda: https://conda.anaconda.org/conda-forge/osx-arm64/liblzma-5.6.4-h39f12f2_0.conda
  sha256: 560c59d3834cc652a84fb45531bd335ad06e271b34ebc216e380a89798fe8e2c
  md5: e3fd1f8320a100f2b210e690a57cd615
  depends:
  - __osx >=11.0
  license: 0BSD
  size: 98945
  timestamp: 1738525462560
- conda: https://conda.anaconda.org/conda-forge/osx-arm64/libopenblas-0.3.29-openmp_hf332438_0.conda
  sha256: 8989d9e01ec8c9b2d48dbb5efbe70b356fcd15990fb53b64fcb84798982c0343
  md5: 0cd1148c68f09027ee0b0f0179f77c30
  depends:
  - __osx >=11.0
  - libgfortran 5.*
  - libgfortran5 >=13.2.0
  - llvm-openmp >=18.1.8
  constrains:
  - openblas >=0.3.29,<0.3.30.0a0
  license: BSD-3-Clause
  license_family: BSD
  size: 4168442
  timestamp: 1739825514918
- conda: https://conda.anaconda.org/conda-forge/osx-arm64/libsqlite-3.49.1-h3f77e49_1.conda
  sha256: 266639fb10ca92287961574b0b4d6031fa40dd9d723d64a0fcb08513a24dab03
  md5: c83357a21092bd952933c36c5cb4f4d6
  depends:
  - __osx >=11.0
  - libzlib >=1.3.1,<2.0a0
  license: Unlicense
  size: 898767
  timestamp: 1739953312379
- conda: https://conda.anaconda.org/conda-forge/osx-arm64/libzlib-1.3.1-h8359307_2.conda
  sha256: ce34669eadaba351cd54910743e6a2261b67009624dbc7daeeafdef93616711b
  md5: 369964e85dc26bfe78f41399b366c435
  depends:
  - __osx >=11.0
  constrains:
  - zlib 1.3.1 *_2
  license: Zlib
  license_family: Other
  size: 46438
  timestamp: 1727963202283
- conda: https://conda.anaconda.org/conda-forge/noarch/linkify-it-py-2.0.3-pyhd8ed1ab_1.conda
  sha256: d975a2015803d4fdaaae3f53e21f64996577d7a069eb61c6d2792504f16eb57b
  md5: b02fe519b5dc0dc55e7299810fcdfb8e
  depends:
  - python >=3.9
  - uc-micro-py
  license: MIT
  license_family: MIT
  size: 24154
  timestamp: 1733781296133
- conda: https://conda.anaconda.org/conda-forge/osx-arm64/llvm-openmp-19.1.7-hdb05f8b_0.conda
  sha256: b92a669f2059874ebdcb69041b6c243d68ffc3fb356ac1339cec44aeb27245d7
  md5: c4d54bfd3817313ce758aa76283b118d
  depends:
  - __osx >=11.0
  constrains:
  - openmp 19.1.7|19.1.7.*
  license: Apache-2.0 WITH LLVM-exception
  license_family: APACHE
  size: 280830
  timestamp: 1736986295869
- conda: https://conda.anaconda.org/conda-forge/noarch/markdown-it-py-3.0.0-pyhd8ed1ab_1.conda
  sha256: 0fbacdfb31e55964152b24d5567e9a9996e1e7902fb08eb7d91b5fd6ce60803a
  md5: fee3164ac23dfca50cfcc8b85ddefb81
  depends:
  - mdurl >=0.1,<1
  - python >=3.9
  license: MIT
  license_family: MIT
  size: 64430
  timestamp: 1733250550053
- conda: https://conda.anaconda.org/conda-forge/osx-arm64/markupsafe-3.0.2-py312h998013c_1.conda
  sha256: 4aa997b244014d3707eeef54ab0ee497d12c0d0d184018960cce096169758283
  md5: 46e547061080fddf9cf95a0327e8aba6
  depends:
  - __osx >=11.0
  - python >=3.12,<3.13.0a0
  - python >=3.12,<3.13.0a0 *_cpython
  - python_abi 3.12.* *_cp312
  constrains:
  - jinja2 >=3.0.0
  license: BSD-3-Clause
  license_family: BSD
  size: 24048
  timestamp: 1733219945697
- conda: https://conda.anaconda.org/conda-forge/noarch/mdit-py-plugins-0.4.2-pyhd8ed1ab_1.conda
  sha256: c63ed79d9745109c0a70397713b0c07f06e7d3561abcb122cfc80a141ab3b449
  md5: af2060041d4f3250a7eb6ab3ec0e549b
  depends:
  - markdown-it-py >=1.0.0,<4.0.0
  - python >=3.9
  license: MIT
  license_family: MIT
  size: 42180
  timestamp: 1733854816517
- conda: https://conda.anaconda.org/conda-forge/noarch/mdurl-0.1.2-pyhd8ed1ab_1.conda
  sha256: 78c1bbe1723449c52b7a9df1af2ee5f005209f67e40b6e1d3c7619127c43b1c7
  md5: 592132998493b3ff25fd7479396e8351
  depends:
  - python >=3.9
  license: MIT
  license_family: MIT
  size: 14465
  timestamp: 1733255681319
- conda: https://conda.anaconda.org/conda-forge/osx-arm64/msgpack-python-1.1.0-py312h6142ec9_0.conda
  sha256: 2b8c22f8a4e0031c2d6fa81d32814c8afdaf7e7fe2e681bf2369a35ff3eab1fd
  md5: 0dfc3750cc6bbc463d72c0b727e60d8a
  depends:
  - __osx >=11.0
  - libcxx >=17
  - python >=3.12,<3.13.0a0
  - python >=3.12,<3.13.0a0 *_cpython
  - python_abi 3.12.* *_cp312
  license: Apache-2.0
  license_family: Apache
  size: 90793
  timestamp: 1725975279147
- conda: https://conda.anaconda.org/conda-forge/osx-arm64/multidict-6.1.0-py312hdb8e49c_1.conda
  sha256: 482fd09fb798090dc8cce2285fa69f43b1459099122eac2fb112d9b922b9f916
  md5: 0048335516fed938e4dd2c457b4c5b9b
  depends:
  - __osx >=11.0
  - python >=3.12,<3.13.0a0
  - python >=3.12,<3.13.0a0 *_cpython
  - python_abi 3.12.* *_cp312
  license: Apache-2.0
  license_family: APACHE
  size: 55968
  timestamp: 1729065664275
- conda: https://conda.anaconda.org/conda-forge/osx-arm64/ncurses-6.5-h5e97a16_3.conda
  sha256: 2827ada40e8d9ca69a153a45f7fd14f32b2ead7045d3bbb5d10964898fe65733
  md5: 068d497125e4bf8a66bf707254fff5ae
  depends:
  - __osx >=11.0
  license: X11 AND BSD-3-Clause
  size: 797030
  timestamp: 1738196177597
- conda: https://conda.anaconda.org/conda-forge/osx-arm64/numpy-2.2.3-py312h7c1f314_0.conda
  sha256: f6d81177a944f15cb70533e11dfd37310bc6f51f4bbe891f60c6e9822cfe1cbe
  md5: d2265734b798f3935561a0d30281a532
  depends:
  - __osx >=11.0
  - libblas >=3.9.0,<4.0a0
  - libcblas >=3.9.0,<4.0a0
  - libcxx >=18
  - liblapack >=3.9.0,<4.0a0
  - python >=3.12,<3.13.0a0
  - python >=3.12,<3.13.0a0 *_cpython
  - python_abi 3.12.* *_cp312
  constrains:
  - numpy-base <0a0
  license: BSD-3-Clause
  license_family: BSD
  size: 6519967
  timestamp: 1739426173329
- conda: https://conda.anaconda.org/conda-forge/osx-arm64/openssl-3.4.1-h81ee809_0.conda
  sha256: 4f8e2389e1b711b44182a075516d02c80fa7a3a7e25a71ff1b5ace9eae57a17a
  md5: 75f9f0c7b1740017e2db83a53ab9a28e
  depends:
  - __osx >=11.0
  - ca-certificates
  license: Apache-2.0
  license_family: Apache
  size: 2934522
  timestamp: 1739301896733
- conda: https://conda.anaconda.org/conda-forge/noarch/packaging-24.2-pyhd8ed1ab_2.conda
  sha256: da157b19bcd398b9804c5c52fc000fcb8ab0525bdb9c70f95beaa0bb42f85af1
  md5: 3bfed7e6228ebf2f7b9eaa47f1b4e2aa
  depends:
  - python >=3.8
  license: Apache-2.0
  license_family: APACHE
  size: 60164
  timestamp: 1733203368787
- conda: https://conda.anaconda.org/conda-forge/noarch/platformdirs-4.3.6-pyhd8ed1ab_1.conda
  sha256: bb50f6499e8bc1d1a26f17716c97984671121608dc0c3ecd34858112bce59a27
  md5: 577852c7e53901ddccc7e6a9959ddebe
  depends:
  - python >=3.9
  license: MIT
  license_family: MIT
  size: 20448
  timestamp: 1733232756001
- conda: https://conda.anaconda.org/conda-forge/noarch/plotext-5.3.2-pyhff2d567_0.conda
  sha256: b3fd4a4526ce0bd0d24c287d54f56fa8caaa3f7190163421db031de07b422c9f
  md5: 9e160af9c896f5dccd43815a226a26c8
  depends:
  - python >=3.9
  license: MIT
  license_family: MIT
  size: 60077
  timestamp: 1731942133024
- conda: https://conda.anaconda.org/conda-forge/noarch/pluggy-1.5.0-pyhd8ed1ab_1.conda
  sha256: 122433fc5318816b8c69283aaf267c73d87aa2d09ce39f64c9805c9a3b264819
  md5: e9dcbce5f45f9ee500e728ae58b605b6
  depends:
  - python >=3.9
  license: MIT
  license_family: MIT
  size: 23595
  timestamp: 1733222855563
- conda: https://conda.anaconda.org/conda-forge/osx-arm64/polars-1.24.0-py312hc3c60d3_0.conda
  sha256: dae8796b324bb9beb3648da6782fff68a3d5bd163b4c4da6e2b3917720c99839
  md5: 9f84176db3edacf987072330eef58a5c
  depends:
  - __osx >=11.0
  - numpy >=1.16.0
  - packaging
  - python >=3.12,<3.13.0a0
  - python >=3.12,<3.13.0a0 *_cpython
  - python_abi 3.12.* *_cp312
  constrains:
  - __osx >=11.0
  arch: arm64
  platform: osx
  license: MIT
  license_family: MIT
  size: 23270434
  timestamp: 1740979634049
- conda: https://conda.anaconda.org/conda-forge/noarch/prompt-toolkit-3.0.50-pyha770c72_0.conda
  sha256: 0749c49a349bf55b8539ce5addce559b77592165da622944a51c630e94d97889
  md5: 7d823138f550b14ecae927a5ff3286de
  depends:
  - python >=3.9
  - wcwidth
  constrains:
  - prompt_toolkit 3.0.50
  license: BSD-3-Clause
  license_family: BSD
  size: 271905
  timestamp: 1737453457168
- conda: https://conda.anaconda.org/conda-forge/noarch/prompt_toolkit-3.0.50-hd8ed1ab_0.conda
  sha256: 60504cafe054c307d335bd14163a37a8d611842fba29ee13f88c80863399176a
  md5: b5114235809f754b9bff0d14d3d712bc
  depends:
  - prompt-toolkit >=3.0.50,<3.0.51.0a0
  license: BSD-3-Clause
  license_family: BSD
  size: 6765
  timestamp: 1737453458406
- conda: https://conda.anaconda.org/conda-forge/osx-arm64/propcache-0.2.1-py312h998013c_1.conda
  sha256: 96145760baad111d7ae4213ea8f8cc035cf33b001f5ff37d92268e4d28b0941d
  md5: 83678928c58c9ae76778a435b6c7a94a
  depends:
  - __osx >=11.0
  - python >=3.12,<3.13.0a0
  - python >=3.12,<3.13.0a0 *_cpython
  - python_abi 3.12.* *_cp312
  license: Apache-2.0
  license_family: APACHE
  size: 50942
  timestamp: 1737635896600
- conda: https://conda.anaconda.org/conda-forge/noarch/pygments-2.19.1-pyhd8ed1ab_0.conda
  sha256: 28a3e3161390a9d23bc02b4419448f8d27679d9e2c250e29849e37749c8de86b
  md5: 232fb4577b6687b2d503ef8e254270c9
  depends:
  - python >=3.9
  license: BSD-2-Clause
  license_family: BSD
  size: 888600
  timestamp: 1736243563082
- conda: https://conda.anaconda.org/conda-forge/noarch/pytest-8.3.5-pyhd8ed1ab_0.conda
  sha256: 963524de7340c56615583ba7b97a6beb20d5c56a59defb59724dc2a3105169c9
  md5: c3c9316209dec74a705a36797970c6be
  depends:
  - colorama
  - exceptiongroup >=1.0.0rc8
  - iniconfig
  - packaging
  - pluggy <2,>=1.5
  - python >=3.9
  - tomli >=1
  constrains:
  - pytest-faulthandler >=2
  license: MIT
  license_family: MIT
  size: 259816
  timestamp: 1740946648058
- conda: https://conda.anaconda.org/conda-forge/osx-arm64/python-3.12.9-hc22306f_1_cpython.conda
  build_number: 1
  sha256: fe804fc462396baab8abe525a722d0254c839533c98c47abd2c6d1248ad45e93
  md5: d9fac7b334ff6e5f93abd27509a53060
  depends:
  - __osx >=11.0
  - bzip2 >=1.0.8,<2.0a0
  - libexpat >=2.6.4,<3.0a0
  - libffi >=3.4,<4.0a0
  - liblzma >=5.6.4,<6.0a0
  - libsqlite >=3.49.1,<4.0a0
  - libzlib >=1.3.1,<2.0a0
  - ncurses >=6.5,<7.0a0
  - openssl >=3.4.1,<4.0a0
  - readline >=8.2,<9.0a0
  - tk >=8.6.13,<8.7.0a0
  - tzdata
  constrains:
  - python_abi 3.12.* *_cp312
  license: Python-2.0
  size: 13042031
  timestamp: 1741128584924
- conda: https://conda.anaconda.org/conda-forge/osx-arm64/python_abi-3.12-5_cp312.conda
  build_number: 5
  sha256: 49d624e4b809c799d2bf257b22c23cf3fc4460f5570d9a58e7ad86350aeaa1f4
  md5: b76f9b1c862128e56ac7aa8cd2333de9
  constrains:
  - python 3.12.* *_cpython
  license: BSD-3-Clause
  license_family: BSD
  size: 6278
  timestamp: 1723823099686
- conda: https://conda.anaconda.org/conda-forge/osx-arm64/readline-8.2-h1d1bf99_2.conda
  sha256: 7db04684d3904f6151eff8673270922d31da1eea7fa73254d01c437f49702e34
  md5: 63ef3f6e6d6d5c589e64f11263dc5676
  depends:
  - ncurses >=6.5,<7.0a0
  license: GPL-3.0-only
  license_family: GPL
  size: 252359
  timestamp: 1740379663071
- conda: https://conda.anaconda.org/conda-forge/noarch/rich-13.9.4-pyhd8ed1ab_1.conda
  sha256: 06a760c5ae572e72e865d5a87e9fe3cc171e1a9c996e63daf3db52ff1a0b4457
  md5: 7aed65d4ff222bfb7335997aa40b7da5
  depends:
  - markdown-it-py >=2.2.0
  - pygments >=2.13.0,<3.0.0
  - python >=3.9
  - typing_extensions >=4.0.0,<5.0.0
  license: MIT
  license_family: MIT
  size: 185646
  timestamp: 1733342347277
- conda: https://conda.anaconda.org/conda-forge/noarch/shellingham-1.5.4-pyhd8ed1ab_1.conda
  sha256: 0557c090913aa63cdbe821dbdfa038a321b488e22bc80196c4b3b1aace4914ef
  md5: 7c3c2a0f3ebdea2bbc35538d162b43bf
  depends:
  - python >=3.9
  license: MIT
  license_family: MIT
  size: 14462
  timestamp: 1733301007770
- conda: https://conda.anaconda.org/conda-forge/noarch/textual-2.1.2-pyhd8ed1ab_0.conda
  sha256: a41f7379558f38a8a648697a3d73ff72206e4daed4f8eb8b879264c7f7c19892
  md5: 7485a9a570ebad99950ec6e03ccea235
  depends:
  - linkify-it-py >=1,<3
  - markdown-it-py >=2.1.0
  - mdit-py-plugins
  - platformdirs >=3.6.0,<5
  - python >=3.9,<4.0.0
  - rich >=13.3.3
  - typing-extensions >=4.4.0,<5.0.0
  - typing_extensions >=4.4.0,<5.0.0
  constrains:
  - tree_sitter >=0.23.0
  - tree_sitter_languages =1.10.2
  license: MIT
  license_family: MIT
  size: 470192
  timestamp: 1740642969385
- conda: https://conda.anaconda.org/conda-forge/noarch/textual-dev-1.7.0-pyhd8ed1ab_1.conda
  sha256: f73fcf8962fd6b54933721f482c2a752fe06c894baad2d4c5394247edb12a01f
  md5: 65fd2dd1602ba56b2506257d208fd3bd
  depends:
  - aiohttp >=3.8.1
  - click >=8.1.2
  - msgpack-python >=1.0.3
  - python >=3.9,<4
  - textual >=0.86.2
  - textual-serve >=1.0.3
  - typing_extensions >=4.4.0,<5.0.0
  license: MIT
  license_family: MIT
  size: 28189
  timestamp: 1736609164401
- conda: https://conda.anaconda.org/conda-forge/noarch/textual-serve-1.1.1-pyhd8ed1ab_1.conda
  sha256: 0bcbabd15b16c4fdfcc46f28da3f4efe5f49bb8fd6376755d13eaf36926ca422
  md5: 6e5bf3566b87509e4d0e85119e85cca9
  depends:
  - aiohttp >=3.9.5
  - aiohttp-jinja2 >=1.6
  - jinja2 >=3.1.4
  - python >=3.9,<4
  - rich
  - textual >=0.66.0
  license: MIT
  license_family: MIT
  size: 382476
  timestamp: 1735373490841
- conda: https://conda.anaconda.org/conda-forge/osx-arm64/tk-8.6.13-h5083fa2_1.conda
  sha256: 72457ad031b4c048e5891f3f6cb27a53cb479db68a52d965f796910e71a403a8
  md5: b50a57ba89c32b62428b71a875291c9b
  depends:
  - libzlib >=1.2.13,<2.0.0a0
  license: TCL
  license_family: BSD
  size: 3145523
  timestamp: 1699202432999
- conda: https://conda.anaconda.org/conda-forge/noarch/tomli-2.2.1-pyhd8ed1ab_1.conda
  sha256: 18636339a79656962723077df9a56c0ac7b8a864329eb8f847ee3d38495b863e
  md5: ac944244f1fed2eb49bae07193ae8215
  depends:
  - python >=3.9
  license: MIT
  license_family: MIT
  size: 19167
  timestamp: 1733256819729
- conda: https://conda.anaconda.org/conda-forge/noarch/typer-0.15.2-pyhff008b6_0.conda
  sha256: fa6eeb42e3bddff74126dd61b01b21a3f4f4791368e93bc5a5775563542b2d4e
  md5: 1152565b06e3dc27794c3c11f1050005
  depends:
  - typer-slim-standard ==0.15.2 h801b22e_0
  - python >=3.9
  - python
  license: MIT
  license_family: MIT
  size: 76158
  timestamp: 1740697495168
- conda: https://conda.anaconda.org/conda-forge/noarch/typer-slim-0.15.2-pyh29332c3_0.conda
  sha256: c094713560bfacab0539c863010a5223171d9980cbd419cc799e474ae15aca08
  md5: 7c8d9609e2cfe08dd7672e10fe7e7de9
  depends:
  - python >=3.9
  - click >=8.0.0
  - typing_extensions >=3.7.4.3
  - python
  constrains:
  - typer 0.15.2.*
  - rich >=10.11.0
  - shellingham >=1.3.0
  license: MIT
  license_family: MIT
  size: 45866
  timestamp: 1740697495167
- conda: https://conda.anaconda.org/conda-forge/noarch/typer-slim-standard-0.15.2-h801b22e_0.conda
  sha256: 79b6b34e90e50e041908939d53053f69285714b0082a0370fba6ab3b38315c8d
  md5: ea164fc4e03f61f7ff3c1166001969af
  depends:
  - typer-slim ==0.15.2 pyh29332c3_0
  - rich
  - shellingham
  license: MIT
  license_family: MIT
  size: 5409
  timestamp: 1740697495168
- conda: https://conda.anaconda.org/conda-forge/noarch/typing-extensions-4.12.2-hd8ed1ab_1.conda
  noarch: python
  sha256: c8e9c1c467b5f960b627d7adc1c65fece8e929a3de89967e91ef0f726422fd32
  md5: b6a408c64b78ec7b779a3e5c7a902433
  depends:
  - typing_extensions 4.12.2 pyha770c72_1
  license: PSF-2.0
  license_family: PSF
  size: 10075
  timestamp: 1733188758872
- conda: https://conda.anaconda.org/conda-forge/noarch/typing_extensions-4.12.2-pyha770c72_1.conda
  sha256: 337be7af5af8b2817f115b3b68870208b30c31d3439bec07bfb2d8f4823e3568
  md5: d17f13df8b65464ca316cbc000a3cb64
  depends:
  - python >=3.9
  license: PSF-2.0
  license_family: PSF
  size: 39637
  timestamp: 1733188758212
- conda: https://conda.anaconda.org/conda-forge/noarch/tzdata-2025a-h78e105d_0.conda
  sha256: c4b1ae8a2931fe9b274c44af29c5475a85b37693999f8c792dad0f8c6734b1de
  md5: dbcace4706afdfb7eb891f7b37d07c04
  license: LicenseRef-Public-Domain
  size: 122921
  timestamp: 1737119101255
- conda: https://conda.anaconda.org/conda-forge/noarch/uc-micro-py-1.0.3-pyhd8ed1ab_1.conda
  sha256: a2f837780af450d633efc052219c31378bcad31356766663fb88a99e8e4c817b
  md5: 9c96c9876ba45368a03056ddd0f20431
  depends:
  - python >=3.9
  license: MIT
  license_family: MIT
  size: 11199
  timestamp: 1733784280160
- conda: https://conda.anaconda.org/conda-forge/noarch/wcwidth-0.2.13-pyhd8ed1ab_1.conda
  sha256: f21e63e8f7346f9074fd00ca3b079bd3d2fa4d71f1f89d5b6934bf31446dc2a5
  md5: b68980f2495d096e71c7fd9d7ccf63e6
  depends:
  - python >=3.9
  license: MIT
  license_family: MIT
  size: 32581
  timestamp: 1733231433877
- conda: https://conda.anaconda.org/conda-forge/osx-arm64/yarl-1.18.3-py312h998013c_1.conda
  sha256: 48821d23567ca0f853eee6f7812c74392867e123798b5b3c44f58758d8eb580e
  md5: 092d3b40acc67c470f379049be343a7a
  depends:
  - __osx >=11.0
  - idna >=2.0
  - multidict >=4.0
  - propcache >=0.2.1
  - python >=3.12,<3.13.0a0
  - python >=3.12,<3.13.0a0 *_cpython
  - python_abi 3.12.* *_cp312
  license: Apache-2.0
  license_family: Apache
  size: 145543
  timestamp: 1737576074753
